PODS:
  - CAAnimationChainable (0.1.0)

DEPENDENCIES:
  - CAAnimationChainable (from `../`)

EXTERNAL SOURCES:
  CAAnimationChainable:
    :path: "../"

SPEC CHECKSUMS:
  CAAnimationChainable: 1e89f17f5c89396b97f60103c6771613f63bf86a

PODFILE CHECKSUM: a3bd6148e89d37f30b1248025583134712b06e84

COCOAPODS: 1.15.2
